
Microsoft Visual Studio Solution File, Format Version 12.00
# Visual Studio Version 16
VisualStudioVersion = 16.0.32630.194
MinimumVisualStudioVersion = 10.0.40219.1
Project("{FAE04EC0-301F-11D3-BF4B-00C04F79EFBC}") = "DataServer", "DataServer\DataServer.csproj", "{45BC48E7-C7A9-48BA-BB72-A213DDF042AB}"
EndProject
Project("{FAE04EC0-301F-11D3-BF4B-00C04F79EFBC}") = "ModbusDrivers", "ModbusDrivers\ModbusDrivers.csproj", "{E444A643-E1E6-4370-9C0F-770AA24BB949}"
EndProject
Project("{FAE04EC0-301F-11D3-BF4B-00C04F79EFBC}") = "OmronDrivers", "OmronDrivers\OmronDrivers.csproj", "{660E4F20-CCD3-41BD-B9BD-4C93BFB520B3}"
EndProject
Project("{FAE04EC0-301F-11D3-BF4B-00C04F79EFBC}") = "DDEDrivers", "DDEDrivers\DDEDrivers.csproj", "{1515067D-ED34-401F-B2EA-4A3A2A8D108D}"
EndProject
Project("{FAE04EC0-301F-11D3-BF4B-00C04F79EFBC}") = "SiemensDrivers", "SiemensDrivers\SiemensDrivers.csproj", "{19848109-9F5A-49AD-A647-9CF01E5E577B}"
EndProject
Project("{FAE04EC0-301F-11D3-BF4B-00C04F79EFBC}") = "OPCDrivers", "OPCDrivers\OPCDrivers.csproj", "{B862934A-977A-4716-935D-A11CF50B38FB}"
EndProject
Project("{2150E333-8FDC-42A3-9474-1A3956D46DE8}") = "Example", "Example", "{40B38139-88D2-4D98-B41E-B2B1F92414D6}"
EndProject
Project("{2150E333-8FDC-42A3-9474-1A3956D46DE8}") = "src", "src", "{8BC9C91B-F3CB-4E10-A057-EC792E18AAB3}"
EndProject
Project("{2150E333-8FDC-42A3-9474-1A3956D46DE8}") = "Modbus", "Modbus", "{FFDBB861-380F-406C-A563-396A05673EDA}"
EndProject
Project("{FAE04EC0-301F-11D3-BF4B-00C04F79EFBC}") = "ModbusClient", "..\example\ModbusClient\ModbusClient.csproj", "{010E7200-28FB-479F-A8F7-B9DFFD89F2DC}"
EndProject
Project("{FAE04EC0-301F-11D3-BF4B-00C04F79EFBC}") = "ModbusServer", "..\example\ModbusServer\ModbusServer.csproj", "{0E93D27D-DB4B-4C63-A96B-39AE435AD09A}"
EndProject
Project("{FAE04EC0-301F-11D3-BF4B-00C04F79EFBC}") = "SocketServers", "SocketServers\SocketServers.csproj", "{6EEABB49-2F57-42B0-96FC-E7A2F5723D36}"
EndProject
Project("{2150E333-8FDC-42A3-9474-1A3956D46DE8}") = "Conf", "Conf", "{DB63D391-60F1-4153-A566-2F2B9087004B}"
	ProjectSection(SolutionItems) = preProject
		..\conf\configuration.xml = ..\conf\configuration.xml
		..\conf\environment.xml = ..\conf\environment.xml
	EndProjectSection
EndProject
Project("{FAE04EC0-301F-11D3-BF4B-00C04F79EFBC}") = "ModbusServerSubscriber", "..\example\ModbusServerSubscriber\ModbusServerSubscriber.csproj", "{D044BD6F-2B5B-4DA2-A924-44D0D3E26C38}"
EndProject
Project("{FAE04EC0-301F-11D3-BF4B-00C04F79EFBC}") = "DL645Driver", "DL645Driver\DL645Driver.csproj", "{921B37BE-8C00-4491-BD90-1A75C97D5F78}"
EndProject
Project("{FAE04EC0-301F-11D3-BF4B-00C04F79EFBC}") = "TaskHandlerEX", "..\example\TaskHandlerEX\TaskHandlerEX.csproj", "{A7FAA816-1B4A-449B-9B1D-B6DB08E79540}"
EndProject
Project("{2150E333-8FDC-42A3-9474-1A3956D46DE8}") = "Siemens", "Siemens", "{3194ADC2-2DE5-4DA1-A142-54437316189D}"
EndProject
Project("{FAE04EC0-301F-11D3-BF4B-00C04F79EFBC}") = "SiemensClient", "..\example\SiemensClient\SiemensClient.csproj", "{702399B5-B5FB-4A23-BD57-E3DA81E8330D}"
EndProject
Project("{FAE04EC0-301F-11D3-BF4B-00C04F79EFBC}") = "FreedomDrivers", "FreedomDrivers\FreedomDrivers.csproj", "{F75323B8-2E50-4457-809D-82E7A9C03159}"
EndProject
Project("{2150E333-8FDC-42A3-9474-1A3956D46DE8}") = "Freedom", "Freedom", "{FAC47F27-4892-44DF-B82F-B242611EF118}"
EndProject
Project("{FAE04EC0-301F-11D3-BF4B-00C04F79EFBC}") = "FreedomServer", "..\example\FreedomServer\FreedomServer.csproj", "{890B3A3D-0888-49AB-A84D-80D0F71D99E3}"
EndProject
Project("{FAE04EC0-301F-11D3-BF4B-00C04F79EFBC}") = "ConfigTool", "ConfigTool\ConfigTool.csproj", "{BF267BCA-7BB5-4D0E-9600-9BD2A91AA35A}"
EndProject
Project("{FAE04EC0-301F-11D3-BF4B-00C04F79EFBC}") = "Utillity", "..\..\Utillity\Utillity\Utillity.csproj", "{01177E8D-1A3D-4E01-A32F-42B62E989DFB}"
EndProject
Project("{2150E333-8FDC-42A3-9474-1A3956D46DE8}") = "RestAPI", "RestAPI", "{D37F3EA1-D204-4896-8643-CEADCBEC2C57}"
EndProject
Project("{FAE04EC0-301F-11D3-BF4B-00C04F79EFBC}") = "RestAPIServerEx", "RestAPIServerEx\RestAPIServerEx.csproj", "{E06121CA-7D91-4C5D-BF08-FFEBC5335229}"
EndProject
Project("{FAE04EC0-301F-11D3-BF4B-00C04F79EFBC}") = "WCFRestFullAPI", "WCFRestFullAPI\WCFRestFullAPI.csproj", "{DA8BFD23-E12F-4030-900E-E4FCD60A65E2}"
EndProject
Project("{FAE04EC0-301F-11D3-BF4B-00C04F79EFBC}") = "TaskMgr", "TaskMgr\TaskMgr.csproj", "{8F43C10F-E8D7-4664-A8E8-F4A5A0636C78}"
EndProject
Project("{FAE04EC0-301F-11D3-BF4B-00C04F79EFBC}") = "FreedomDriversV2", "FreedomDriverV2\FreedomDriversV2.csproj", "{D8C4FC33-2ADF-42C7-94EB-730DA8DA8B20}"
EndProject
Project("{FAE04EC0-301F-11D3-BF4B-00C04F79EFBC}") = "DataLinks", "DataLinks\DataLinks.csproj", "{B68445D5-4856-4CA6-8715-DDAADC30C30F}"
EndProject
Project("{FAE04EC0-301F-11D3-BF4B-00C04F79EFBC}") = "ModbusServer", "ModbusServer\ModbusServer.csproj", "{65845FA4-0591-4DFB-8FB2-606896E50064}"
EndProject
Global
	GlobalSection(SolutionConfigurationPlatforms) = preSolution
		Debug|Any CPU = Debug|Any CPU
		Release|Any CPU = Release|Any CPU
	EndGlobalSection
	GlobalSection(ProjectConfigurationPlatforms) = postSolution
		{45BC48E7-C7A9-48BA-BB72-A213DDF042AB}.Debug|Any CPU.ActiveCfg = Debug|Any CPU
		{45BC48E7-C7A9-48BA-BB72-A213DDF042AB}.Debug|Any CPU.Build.0 = Debug|Any CPU
		{45BC48E7-C7A9-48BA-BB72-A213DDF042AB}.Release|Any CPU.ActiveCfg = Release|Any CPU
		{45BC48E7-C7A9-48BA-BB72-A213DDF042AB}.Release|Any CPU.Build.0 = Release|Any CPU
		{E444A643-E1E6-4370-9C0F-770AA24BB949}.Debug|Any CPU.ActiveCfg = Debug|Any CPU
		{E444A643-E1E6-4370-9C0F-770AA24BB949}.Debug|Any CPU.Build.0 = Debug|Any CPU
		{E444A643-E1E6-4370-9C0F-770AA24BB949}.Release|Any CPU.ActiveCfg = Release|Any CPU
		{E444A643-E1E6-4370-9C0F-770AA24BB949}.Release|Any CPU.Build.0 = Release|Any CPU
		{660E4F20-CCD3-41BD-B9BD-4C93BFB520B3}.Debug|Any CPU.ActiveCfg = Debug|Any CPU
		{660E4F20-CCD3-41BD-B9BD-4C93BFB520B3}.Debug|Any CPU.Build.0 = Debug|Any CPU
		{660E4F20-CCD3-41BD-B9BD-4C93BFB520B3}.Release|Any CPU.ActiveCfg = Release|Any CPU
		{660E4F20-CCD3-41BD-B9BD-4C93BFB520B3}.Release|Any CPU.Build.0 = Release|Any CPU
		{1515067D-ED34-401F-B2EA-4A3A2A8D108D}.Debug|Any CPU.ActiveCfg = Debug|Any CPU
		{1515067D-ED34-401F-B2EA-4A3A2A8D108D}.Debug|Any CPU.Build.0 = Debug|Any CPU
		{1515067D-ED34-401F-B2EA-4A3A2A8D108D}.Release|Any CPU.ActiveCfg = Release|Any CPU
		{1515067D-ED34-401F-B2EA-4A3A2A8D108D}.Release|Any CPU.Build.0 = Release|Any CPU
		{19848109-9F5A-49AD-A647-9CF01E5E577B}.Debug|Any CPU.ActiveCfg = Debug|Any CPU
		{19848109-9F5A-49AD-A647-9CF01E5E577B}.Debug|Any CPU.Build.0 = Debug|Any CPU
		{19848109-9F5A-49AD-A647-9CF01E5E577B}.Release|Any CPU.ActiveCfg = Release|Any CPU
		{19848109-9F5A-49AD-A647-9CF01E5E577B}.Release|Any CPU.Build.0 = Release|Any CPU
		{B862934A-977A-4716-935D-A11CF50B38FB}.Debug|Any CPU.ActiveCfg = Debug|Any CPU
		{B862934A-977A-4716-935D-A11CF50B38FB}.Debug|Any CPU.Build.0 = Debug|Any CPU
		{B862934A-977A-4716-935D-A11CF50B38FB}.Release|Any CPU.ActiveCfg = Release|Any CPU
		{B862934A-977A-4716-935D-A11CF50B38FB}.Release|Any CPU.Build.0 = Release|Any CPU
		{010E7200-28FB-479F-A8F7-B9DFFD89F2DC}.Debug|Any CPU.ActiveCfg = Debug|Any CPU
		{010E7200-28FB-479F-A8F7-B9DFFD89F2DC}.Debug|Any CPU.Build.0 = Debug|Any CPU
		{010E7200-28FB-479F-A8F7-B9DFFD89F2DC}.Release|Any CPU.ActiveCfg = Release|Any CPU
		{010E7200-28FB-479F-A8F7-B9DFFD89F2DC}.Release|Any CPU.Build.0 = Release|Any CPU
		{0E93D27D-DB4B-4C63-A96B-39AE435AD09A}.Debug|Any CPU.ActiveCfg = Debug|Any CPU
		{0E93D27D-DB4B-4C63-A96B-39AE435AD09A}.Debug|Any CPU.Build.0 = Debug|Any CPU
		{0E93D27D-DB4B-4C63-A96B-39AE435AD09A}.Release|Any CPU.ActiveCfg = Release|Any CPU
		{0E93D27D-DB4B-4C63-A96B-39AE435AD09A}.Release|Any CPU.Build.0 = Release|Any CPU
		{6EEABB49-2F57-42B0-96FC-E7A2F5723D36}.Debug|Any CPU.ActiveCfg = Debug|Any CPU
		{6EEABB49-2F57-42B0-96FC-E7A2F5723D36}.Debug|Any CPU.Build.0 = Debug|Any CPU
		{6EEABB49-2F57-42B0-96FC-E7A2F5723D36}.Release|Any CPU.ActiveCfg = Release|Any CPU
		{6EEABB49-2F57-42B0-96FC-E7A2F5723D36}.Release|Any CPU.Build.0 = Release|Any CPU
		{D044BD6F-2B5B-4DA2-A924-44D0D3E26C38}.Debug|Any CPU.ActiveCfg = Debug|Any CPU
		{D044BD6F-2B5B-4DA2-A924-44D0D3E26C38}.Debug|Any CPU.Build.0 = Debug|Any CPU
		{D044BD6F-2B5B-4DA2-A924-44D0D3E26C38}.Release|Any CPU.ActiveCfg = Release|Any CPU
		{D044BD6F-2B5B-4DA2-A924-44D0D3E26C38}.Release|Any CPU.Build.0 = Release|Any CPU
		{921B37BE-8C00-4491-BD90-1A75C97D5F78}.Debug|Any CPU.ActiveCfg = Debug|Any CPU
		{921B37BE-8C00-4491-BD90-1A75C97D5F78}.Debug|Any CPU.Build.0 = Debug|Any CPU
		{921B37BE-8C00-4491-BD90-1A75C97D5F78}.Release|Any CPU.ActiveCfg = Release|Any CPU
		{921B37BE-8C00-4491-BD90-1A75C97D5F78}.Release|Any CPU.Build.0 = Release|Any CPU
		{A7FAA816-1B4A-449B-9B1D-B6DB08E79540}.Debug|Any CPU.ActiveCfg = Debug|Any CPU
		{A7FAA816-1B4A-449B-9B1D-B6DB08E79540}.Debug|Any CPU.Build.0 = Debug|Any CPU
		{A7FAA816-1B4A-449B-9B1D-B6DB08E79540}.Release|Any CPU.ActiveCfg = Release|Any CPU
		{A7FAA816-1B4A-449B-9B1D-B6DB08E79540}.Release|Any CPU.Build.0 = Release|Any CPU
		{702399B5-B5FB-4A23-BD57-E3DA81E8330D}.Debug|Any CPU.ActiveCfg = Debug|Any CPU
		{702399B5-B5FB-4A23-BD57-E3DA81E8330D}.Debug|Any CPU.Build.0 = Debug|Any CPU
		{702399B5-B5FB-4A23-BD57-E3DA81E8330D}.Release|Any CPU.ActiveCfg = Release|Any CPU
		{702399B5-B5FB-4A23-BD57-E3DA81E8330D}.Release|Any CPU.Build.0 = Release|Any CPU
		{F75323B8-2E50-4457-809D-82E7A9C03159}.Debug|Any CPU.ActiveCfg = Debug|Any CPU
		{F75323B8-2E50-4457-809D-82E7A9C03159}.Debug|Any CPU.Build.0 = Debug|Any CPU
		{F75323B8-2E50-4457-809D-82E7A9C03159}.Release|Any CPU.ActiveCfg = Release|Any CPU
		{F75323B8-2E50-4457-809D-82E7A9C03159}.Release|Any CPU.Build.0 = Release|Any CPU
		{890B3A3D-0888-49AB-A84D-80D0F71D99E3}.Debug|Any CPU.ActiveCfg = Debug|Any CPU
		{890B3A3D-0888-49AB-A84D-80D0F71D99E3}.Debug|Any CPU.Build.0 = Debug|Any CPU
		{890B3A3D-0888-49AB-A84D-80D0F71D99E3}.Release|Any CPU.ActiveCfg = Release|Any CPU
		{890B3A3D-0888-49AB-A84D-80D0F71D99E3}.Release|Any CPU.Build.0 = Release|Any CPU
		{BF267BCA-7BB5-4D0E-9600-9BD2A91AA35A}.Debug|Any CPU.ActiveCfg = Debug|Any CPU
		{BF267BCA-7BB5-4D0E-9600-9BD2A91AA35A}.Debug|Any CPU.Build.0 = Debug|Any CPU
		{BF267BCA-7BB5-4D0E-9600-9BD2A91AA35A}.Release|Any CPU.ActiveCfg = Release|Any CPU
		{BF267BCA-7BB5-4D0E-9600-9BD2A91AA35A}.Release|Any CPU.Build.0 = Release|Any CPU
		{01177E8D-1A3D-4E01-A32F-42B62E989DFB}.Debug|Any CPU.ActiveCfg = Debug|Any CPU
		{01177E8D-1A3D-4E01-A32F-42B62E989DFB}.Debug|Any CPU.Build.0 = Debug|Any CPU
		{01177E8D-1A3D-4E01-A32F-42B62E989DFB}.Release|Any CPU.ActiveCfg = Release|Any CPU
		{01177E8D-1A3D-4E01-A32F-42B62E989DFB}.Release|Any CPU.Build.0 = Release|Any CPU
		{E06121CA-7D91-4C5D-BF08-FFEBC5335229}.Debug|Any CPU.ActiveCfg = Debug|Any CPU
		{E06121CA-7D91-4C5D-BF08-FFEBC5335229}.Debug|Any CPU.Build.0 = Debug|Any CPU
		{E06121CA-7D91-4C5D-BF08-FFEBC5335229}.Release|Any CPU.ActiveCfg = Release|Any CPU
		{E06121CA-7D91-4C5D-BF08-FFEBC5335229}.Release|Any CPU.Build.0 = Release|Any CPU
		{DA8BFD23-E12F-4030-900E-E4FCD60A65E2}.Debug|Any CPU.ActiveCfg = Debug|Any CPU
		{DA8BFD23-E12F-4030-900E-E4FCD60A65E2}.Debug|Any CPU.Build.0 = Debug|Any CPU
		{DA8BFD23-E12F-4030-900E-E4FCD60A65E2}.Release|Any CPU.ActiveCfg = Release|Any CPU
		{DA8BFD23-E12F-4030-900E-E4FCD60A65E2}.Release|Any CPU.Build.0 = Release|Any CPU
		{8F43C10F-E8D7-4664-A8E8-F4A5A0636C78}.Debug|Any CPU.ActiveCfg = Debug|Any CPU
		{8F43C10F-E8D7-4664-A8E8-F4A5A0636C78}.Debug|Any CPU.Build.0 = Debug|Any CPU
		{8F43C10F-E8D7-4664-A8E8-F4A5A0636C78}.Release|Any CPU.ActiveCfg = Release|Any CPU
		{8F43C10F-E8D7-4664-A8E8-F4A5A0636C78}.Release|Any CPU.Build.0 = Release|Any CPU
		{D8C4FC33-2ADF-42C7-94EB-730DA8DA8B20}.Debug|Any CPU.ActiveCfg = Debug|Any CPU
		{D8C4FC33-2ADF-42C7-94EB-730DA8DA8B20}.Debug|Any CPU.Build.0 = Debug|Any CPU
		{D8C4FC33-2ADF-42C7-94EB-730DA8DA8B20}.Release|Any CPU.ActiveCfg = Release|Any CPU
		{D8C4FC33-2ADF-42C7-94EB-730DA8DA8B20}.Release|Any CPU.Build.0 = Release|Any CPU
		{B68445D5-4856-4CA6-8715-DDAADC30C30F}.Debug|Any CPU.ActiveCfg = Debug|Any CPU
		{B68445D5-4856-4CA6-8715-DDAADC30C30F}.Debug|Any CPU.Build.0 = Debug|Any CPU
		{B68445D5-4856-4CA6-8715-DDAADC30C30F}.Release|Any CPU.ActiveCfg = Release|Any CPU
		{B68445D5-4856-4CA6-8715-DDAADC30C30F}.Release|Any CPU.Build.0 = Release|Any CPU
		{65845FA4-0591-4DFB-8FB2-606896E50064}.Debug|Any CPU.ActiveCfg = Debug|Any CPU
		{65845FA4-0591-4DFB-8FB2-606896E50064}.Debug|Any CPU.Build.0 = Debug|Any CPU
		{65845FA4-0591-4DFB-8FB2-606896E50064}.Release|Any CPU.ActiveCfg = Release|Any CPU
		{65845FA4-0591-4DFB-8FB2-606896E50064}.Release|Any CPU.Build.0 = Release|Any CPU
	EndGlobalSection
	GlobalSection(SolutionProperties) = preSolution
		HideSolutionNode = FALSE
	EndGlobalSection
	GlobalSection(NestedProjects) = preSolution
		{45BC48E7-C7A9-48BA-BB72-A213DDF042AB} = {8BC9C91B-F3CB-4E10-A057-EC792E18AAB3}
		{E444A643-E1E6-4370-9C0F-770AA24BB949} = {8BC9C91B-F3CB-4E10-A057-EC792E18AAB3}
		{660E4F20-CCD3-41BD-B9BD-4C93BFB520B3} = {8BC9C91B-F3CB-4E10-A057-EC792E18AAB3}
		{1515067D-ED34-401F-B2EA-4A3A2A8D108D} = {8BC9C91B-F3CB-4E10-A057-EC792E18AAB3}
		{19848109-9F5A-49AD-A647-9CF01E5E577B} = {8BC9C91B-F3CB-4E10-A057-EC792E18AAB3}
		{B862934A-977A-4716-935D-A11CF50B38FB} = {8BC9C91B-F3CB-4E10-A057-EC792E18AAB3}
		{FFDBB861-380F-406C-A563-396A05673EDA} = {40B38139-88D2-4D98-B41E-B2B1F92414D6}
		{010E7200-28FB-479F-A8F7-B9DFFD89F2DC} = {FFDBB861-380F-406C-A563-396A05673EDA}
		{0E93D27D-DB4B-4C63-A96B-39AE435AD09A} = {FFDBB861-380F-406C-A563-396A05673EDA}
		{6EEABB49-2F57-42B0-96FC-E7A2F5723D36} = {8BC9C91B-F3CB-4E10-A057-EC792E18AAB3}
		{D044BD6F-2B5B-4DA2-A924-44D0D3E26C38} = {FFDBB861-380F-406C-A563-396A05673EDA}
		{921B37BE-8C00-4491-BD90-1A75C97D5F78} = {8BC9C91B-F3CB-4E10-A057-EC792E18AAB3}
		{A7FAA816-1B4A-449B-9B1D-B6DB08E79540} = {40B38139-88D2-4D98-B41E-B2B1F92414D6}
		{3194ADC2-2DE5-4DA1-A142-54437316189D} = {40B38139-88D2-4D98-B41E-B2B1F92414D6}
		{702399B5-B5FB-4A23-BD57-E3DA81E8330D} = {3194ADC2-2DE5-4DA1-A142-54437316189D}
		{F75323B8-2E50-4457-809D-82E7A9C03159} = {8BC9C91B-F3CB-4E10-A057-EC792E18AAB3}
		{FAC47F27-4892-44DF-B82F-B242611EF118} = {40B38139-88D2-4D98-B41E-B2B1F92414D6}
		{890B3A3D-0888-49AB-A84D-80D0F71D99E3} = {FAC47F27-4892-44DF-B82F-B242611EF118}
		{BF267BCA-7BB5-4D0E-9600-9BD2A91AA35A} = {8BC9C91B-F3CB-4E10-A057-EC792E18AAB3}
		{01177E8D-1A3D-4E01-A32F-42B62E989DFB} = {8BC9C91B-F3CB-4E10-A057-EC792E18AAB3}
		{D37F3EA1-D204-4896-8643-CEADCBEC2C57} = {40B38139-88D2-4D98-B41E-B2B1F92414D6}
		{E06121CA-7D91-4C5D-BF08-FFEBC5335229} = {D37F3EA1-D204-4896-8643-CEADCBEC2C57}
		{DA8BFD23-E12F-4030-900E-E4FCD60A65E2} = {8BC9C91B-F3CB-4E10-A057-EC792E18AAB3}
		{8F43C10F-E8D7-4664-A8E8-F4A5A0636C78} = {8BC9C91B-F3CB-4E10-A057-EC792E18AAB3}
		{D8C4FC33-2ADF-42C7-94EB-730DA8DA8B20} = {8BC9C91B-F3CB-4E10-A057-EC792E18AAB3}
	EndGlobalSection
	GlobalSection(ExtensibilityGlobals) = postSolution
		SolutionGuid = {9CBA15F1-1FCF-4B6E-9F78-0273CFEE3CC5}
	EndGlobalSection
EndGlobal
